{
  "nodes": {
    "hackmatrix": {
      "flake": false,
      "locked": {
        "lastModified": 1732482737,
        "narHash": "sha256-NL6pFsMnzpZj73tnIghf16ZMIdvGTbp8YVhRluZTJ/Y=",
        "owner": "collinalexbell",
        "repo": "HackMatrix",
        "rev": "273487cfaa4124c01602ec3db6f154ca8df77c25",
        "type": "github"
      },
      "original": {
        "owner": "collinalexbell",
        "repo": "HackMatrix",
        "type": "github"
      }
    },
    "nixpkgs": {
      "locked": {
        "lastModified": 1732014248,
        "narHash": "sha256-y/MEyuJ5oBWrWAic/14LaIr/u5E0wRVzyYsouYY3W6w=",
        "owner": "nixos",
        "repo": "nixpkgs",
        "rev": "23e89b7da85c3640bbc2173fe04f4bd114342367",
        "type": "github"
      },
      "original": {
        "owner": "nixos",
        "ref": "nixos-unstable",
        "repo": "nixpkgs",
        "type": "github"
      }
    },
    "root": {
      "inputs": {
        "hackmatrix": "hackmatrix",
        "nixpkgs": "nixpkgs"
      }
    }
  },
  "root": "root",
  "version": 7
}
